github.com/antonmedv/expr v1.1.4 h1:ReeidbMJQZsujmBaYdaCEtfAvSH5bd/HHApjhyorBlE=
github.com/antonmedv/expr v1.1.4/go.mod h1:AdVomDZyjUit6l23+Owki7ZHDtvJDjsaP4YmqB44OJA=
github.com/go-sql-driver/mysql v1.4.1 h1:g24URVg0OFbNUTx9qqY1IRZ9D9z3iPyi5zKhQZpNwpA=
github.com/go-sql-driver/mysql v1.4.1/go.mod h1:zAC/RDZ24gD3HViQzih4MyKcchzm+sOG5ZlKdlhCg5w=
github.com/go-yaml/yaml v2.1.0+incompatible h1:RYi2hDdss1u4YE7GwixGzWwVo47T8UQwnTLB6vQiq+o=
github.com/go-yaml/yaml v2.1.0+incompatible/go.mod h1:w2MrLa16VYP0jy6N7M5kHaCkaLENm+P+Tv+MfurjSw0=
